
Microsoft Visual Studio Solution File, Format Version 12.00
# Visual Studio 15
VisualStudioVersion = 15.0.28010.2046
MinimumVisualStudioVersion = 10.0.40219.1
Project("{9A19103F-16F7-4668-BE54-9A1E7A4F7556}") = "Extensions.TokenAuthentication.JwtBearer", "Extensions.TokenAuthentication.JwtBearer\Extensions.TokenAuthentication.JwtBearer.csproj", "{A6AA8252-4491-4E0C-BAD7-CF25D49DD3F3}"
EndProject
Project("{9A19103F-16F7-4668-BE54-9A1E7A4F7556}") = "Extensions.TokenAuthentication.JwtBearer.Tests", "Extensions.TokenAuthentication.JwtBearer.Tests\Extensions.TokenAuthentication.JwtBearer.Tests.csproj", "{77A85DEA-9D89-42D8-8F7C-1EF896E4A64E}"
EndProject
Project("{FAE04EC0-301F-11D3-BF4B-00C04F79EFBC}") = "Extensions.TokenAuthentication", "Extensions.TokenAuthentication\Extensions.TokenAuthentication.csproj", "{17E78B70-6DE3-46CA-A881-3A10F4D82688}"
EndProject
Global
	GlobalSection(SolutionConfigurationPlatforms) = preSolution
		Debug|Any CPU = Debug|Any CPU
		Release|Any CPU = Release|Any CPU
	EndGlobalSection
	GlobalSection(ProjectConfigurationPlatforms) = postSolution
		{A6AA8252-4491-4E0C-BAD7-CF25D49DD3F3}.Debug|Any CPU.ActiveCfg = Debug|Any CPU
		{A6AA8252-4491-4E0C-BAD7-CF25D49DD3F3}.Debug|Any CPU.Build.0 = Debug|Any CPU
		{A6AA8252-4491-4E0C-BAD7-CF25D49DD3F3}.Release|Any CPU.ActiveCfg = Release|Any CPU
		{A6AA8252-4491-4E0C-BAD7-CF25D49DD3F3}.Release|Any CPU.Build.0 = Release|Any CPU
		{77A85DEA-9D89-42D8-8F7C-1EF896E4A64E}.Debug|Any CPU.ActiveCfg = Debug|Any CPU
		{77A85DEA-9D89-42D8-8F7C-1EF896E4A64E}.Debug|Any CPU.Build.0 = Debug|Any CPU
		{77A85DEA-9D89-42D8-8F7C-1EF896E4A64E}.Release|Any CPU.ActiveCfg = Release|Any CPU
		{77A85DEA-9D89-42D8-8F7C-1EF896E4A64E}.Release|Any CPU.Build.0 = Release|Any CPU
		{17E78B70-6DE3-46CA-A881-3A10F4D82688}.Debug|Any CPU.ActiveCfg = Debug|Any CPU
		{17E78B70-6DE3-46CA-A881-3A10F4D82688}.Debug|Any CPU.Build.0 = Debug|Any CPU
		{17E78B70-6DE3-46CA-A881-3A10F4D82688}.Release|Any CPU.ActiveCfg = Release|Any CPU
		{17E78B70-6DE3-46CA-A881-3A10F4D82688}.Release|Any CPU.Build.0 = Release|Any CPU
	EndGlobalSection
	GlobalSection(SolutionProperties) = preSolution
		HideSolutionNode = FALSE
	EndGlobalSection
	GlobalSection(ExtensibilityGlobals) = postSolution
		SolutionGuid = {0143ED8A-A8F9-4816-9EB6-6B75ADB2452A}
	EndGlobalSection
EndGlobal
